// !$*UTF8*$!
{
	archiveVersion = 1;
	classes = {
	};
	objectVersion = 46;
	objects = {

/* Begin PBXBuildFile section */
		60B2E852BB13EB6BC56BD589 /* Cocoa.framework in Frameworks */ = {isa = PBXBuildFile; fileRef = DCFF3E1F47290BD93EE79D02 /* Cocoa.framework */; };
		A00000000000000000000001 /* WebcamManager.swift in Sources */ = {isa = PBXBuildFile; fileRef = A00000000000000000000003 /* WebcamManager.swift */; };
		A00000000000000000000002 /* WebcamView.swift in Sources */ = {isa = PBXBuildFile; fileRef = A00000000000000000000004 /* WebcamView.swift */; };
		C3E87FF33046E21FCAF1357F /* WebcamExtension.swift in Sources */ = {isa = PBXBuildFile; fileRef = 5DDBEFFB2AB57547406D5538 /* WebcamExtension.swift */; };
/* End PBXBuildFile section */

/* Begin PBXFileReference section */
		5DDBEFFB2AB57547406D5538 /* WebcamExtension.swift */ = {isa = PBXFileReference; includeInIndex = 1; lastKnownFileType = sourcecode.swift; path = Sources/WebcamExtension.swift; sourceTree = SOURCE_ROOT; };
		7A4E8284933D001FDA7A6C09 /* WebcamExtension.bundle */ = {isa = PBXFileReference; explicitFileType = "wrapper.plug-in"; includeInIndex = 0; path = WebcamExtension.bundle; sourceTree = BUILT_PRODUCTS_DIR; };
		A00000000000000000000003 /* WebcamManager.swift */ = {isa = PBXFileReference; includeInIndex = 1; lastKnownFileType = sourcecode.swift; path = Sources/WebcamManager.swift; sourceTree = SOURCE_ROOT; };
		A00000000000000000000004 /* WebcamView.swift */ = {isa = PBXFileReference; includeInIndex = 1; lastKnownFileType = sourcecode.swift; path = Sources/Views/WebcamView.swift; sourceTree = SOURCE_ROOT; };
		DCFF3E1F47290BD93EE79D02 /* Cocoa.framework */ = {isa = PBXFileReference; lastKnownFileType = wrapper.framework; name = Cocoa.framework; path = Platforms/MacOSX.platform/Developer/SDKs/MacOSX15.0.sdk/System/Library/Frameworks/Cocoa.framework; sourceTree = DEVELOPER_DIR; };
/* End PBXFileReference section */

/* Begin PBXFrameworksBuildPhase section */
		2749FDDC57DA0E99865BD66F /* Frameworks */ = {
			isa = PBXFrameworksBuildPhase;
			buildActionMask = 2147483647;
			files = (
				60B2E852BB13EB6BC56BD589 /* Cocoa.framework in Frameworks */,
			);
			runOnlyForDeploymentPostprocessing = 0;
		};
/* End PBXFrameworksBuildPhase section */

/* Begin PBXGroup section */
		6BD970F0C438A9CEFB40F250 /* Sources */ = {
			isa = PBXGroup;
			children = (
				5DDBEFFB2AB57547406D5538 /* WebcamExtension.swift */,
				A00000000000000000000003 /* WebcamManager.swift */,
				A00000000000000000000005 /* Views */,
			);
			name = Sources;
			path = Sources;
			sourceTree = "<group>";
		};
		6EAAE4C3BB48BA38DAF49DD9 /* Products */ = {
			isa = PBXGroup;
			children = (
				7A4E8284933D001FDA7A6C09 /* WebcamExtension.bundle */,
			);
			name = Products;
			sourceTree = "<group>";
		};
		8047C398C3A4EF78930018AC /* OS X */ = {
			isa = PBXGroup;
			children = (
				DCFF3E1F47290BD93EE79D02 /* Cocoa.framework */,
			);
			name = "OS X";
			sourceTree = "<group>";
		};
		B50FF89A64CEB04BA9DA88AE /* Frameworks */ = {
			isa = PBXGroup;
			children = (
				8047C398C3A4EF78930018AC /* OS X */,
			);
			name = Frameworks;
			sourceTree = "<group>";
		};
		A00000000000000000000005 /* Views */ = {
			isa = PBXGroup;
			children = (
				A00000000000000000000004 /* WebcamView.swift */,
			);
			name = Views;
			path = Sources/Views;
			sourceTree = SOURCE_ROOT;
		};
		F1B8551C4DABEE5448C00727 = {
			isa = PBXGroup;
			children = (
				6EAAE4C3BB48BA38DAF49DD9 /* Products */,
				B50FF89A64CEB04BA9DA88AE /* Frameworks */,
				6BD970F0C438A9CEFB40F250 /* Sources */,
			);
			sourceTree = "<group>";
		};
/* End PBXGroup section */

/* Begin PBXNativeTarget section */
		A3407980F3FE1D757951D9AB /* WebcamExtension */ = {
			isa = PBXNativeTarget;
			buildConfigurationList = 42EB454D4E80E9670A84EEA8 /* Build configuration list for PBXNativeTarget "WebcamExtension" */;
			buildPhases = (
				32247F1B1EECEEF0BB515AD9 /* Sources */,
				2749FDDC57DA0E99865BD66F /* Frameworks */,
				6F45341D6400481A060B4A9F /* Resources */,
			);
			buildRules = (
			);
			dependencies = (
			);
			name = WebcamExtension;
			productName = WebcamExtension;
			productReference = 7A4E8284933D001FDA7A6C09 /* WebcamExtension.bundle */;
			productType = "com.apple.product-type.bundle";
		};
/* End PBXNativeTarget section */

/* Begin PBXProject section */
		1A83CC35FA195F81E659FBAA /* Project object */ = {
			isa = PBXProject;
			attributes = {
				LastSwiftUpdateCheck = 1600;
				LastUpgradeCheck = 1600;
			};
			buildConfigurationList = 9880A070C9C1A9E4BCDAC02E /* Build configuration list for PBXProject "WebcamExtension" */;
			compatibilityVersion = "Xcode 3.2";
			developmentRegion = en;
			hasScannedForEncodings = 0;
			knownRegions = (
				en,
				Base,
			);
			mainGroup = F1B8551C4DABEE5448C00727;
			minimizedProjectReferenceProxies = 0;
			preferredProjectObjectVersion = 77;
			productRefGroup = 6EAAE4C3BB48BA38DAF49DD9 /* Products */;
			projectDirPath = "";
			projectRoot = "";
			targets = (
				A3407980F3FE1D757951D9AB /* WebcamExtension */,
			);
		};
/* End PBXProject section */

/* Begin PBXResourcesBuildPhase section */
		6F45341D6400481A060B4A9F /* Resources */ = {
			isa = PBXResourcesBuildPhase;
			buildActionMask = 2147483647;
			files = (
			);
			runOnlyForDeploymentPostprocessing = 0;
		};
/* End PBXResourcesBuildPhase section */

/* Begin PBXSourcesBuildPhase section */
		32247F1B1EECEEF0BB515AD9 /* Sources */ = {
			isa = PBXSourcesBuildPhase;
			buildActionMask = 2147483647;
			files = (
				C3E87FF33046E21FCAF1357F /* WebcamExtension.swift in Sources */,
				A00000000000000000000001 /* WebcamManager.swift in Sources */,
				A00000000000000000000002 /* WebcamView.swift in Sources */,
			);
			runOnlyForDeploymentPostprocessing = 0;
		};
/* End PBXSourcesBuildPhase section */

/* Begin XCBuildConfiguration section */
		537C9250B27D5EAD24E3BB6E /* Release */ = {
			isa = XCBuildConfiguration;
			buildSettings = {
				ALWAYS_SEARCH_USER_PATHS = NO;
				CLANG_ANALYZER_NONNULL = YES;
				CLANG_ANALYZER_NUMBER_OBJECT_CONVERSION = YES_AGGRESSIVE;
				CLANG_CXX_LANGUAGE_STANDARD = "gnu++14";
				CLANG_CXX_LIBRARY = "libc++";
				CLANG_ENABLE_MODULES = YES;
				CLANG_ENABLE_OBJC_ARC = YES;
				CLANG_ENABLE_OBJC_WEAK = YES;
				CLANG_WARN_BLOCK_CAPTURE_AUTORELEASING = YES;
				CLANG_WARN_BOOL_CONVERSION = YES;
				CLANG_WARN_COMMA = YES;
				CLANG_WARN_CONSTANT_CONVERSION = YES;
				CLANG_WARN_DEPRECATED_OBJC_IMPLEMENTATIONS = YES;
				CLANG_WARN_DIRECT_OBJC_ISA_USAGE = YES_ERROR;
				CLANG_WARN_DOCUMENTATION_COMMENTS = YES;
				CLANG_WARN_EMPTY_BODY = YES;
				CLANG_WARN_ENUM_CONVERSION = YES;
				CLANG_WARN_INFINITE_RECURSION = YES;
				CLANG_WARN_INT_CONVERSION = YES;
				CLANG_WARN_NON_LITERAL_NULL_CONVERSION = YES;
				CLANG_WARN_OBJC_IMPLICIT_RETAIN_SELF = YES;
				CLANG_WARN_OBJC_LITERAL_CONVERSION = YES;
				CLANG_WARN_OBJC_ROOT_CLASS = YES_ERROR;
				CLANG_WARN_QUOTED_INCLUDE_IN_FRAMEWORK_HEADER = YES;
				CLANG_WARN_RANGE_LOOP_ANALYSIS = YES;
				CLANG_WARN_STRICT_PROTOTYPES = YES;
				CLANG_WARN_SUSPICIOUS_MOVE = YES;
				CLANG_WARN_UNGUARDED_AVAILABILITY = YES_AGGRESSIVE;
				CLANG_WARN_UNREACHABLE_CODE = YES;
				CLANG_WARN__DUPLICATE_METHOD_MATCH = YES;
				COPY_PHASE_STRIP = NO;
				DEBUG_INFORMATION_FORMAT = "dwarf-with-dsym";
				ENABLE_NS_ASSERTIONS = NO;
				ENABLE_STRICT_OBJC_MSGSEND = YES;
				GCC_C_LANGUAGE_STANDARD = gnu11;
				GCC_NO_COMMON_BLOCKS = YES;
				GCC_WARN_64_TO_32_BIT_CONVERSION = YES;
				GCC_WARN_ABOUT_RETURN_TYPE = YES_ERROR;
				GCC_WARN_UNDECLARED_SELECTOR = YES;
				GCC_WARN_UNINITIALIZED_AUTOS = YES_AGGRESSIVE;
				GCC_WARN_UNUSED_FUNCTION = YES;
				GCC_WARN_UNUSED_VARIABLE = YES;
				MTL_ENABLE_DEBUG_INFO = NO;
				MTL_FAST_MATH = YES;
				PRODUCT_NAME = "$(TARGET_NAME)";
				SWIFT_COMPILATION_MODE = wholemodule;
				SWIFT_OPTIMIZATION_LEVEL = "-O";
				SWIFT_VERSION = 5.0;
			};
			name = Release;
		};
		705D3FD01BCD76A91017AFE7 /* Debug */ = {
			isa = XCBuildConfiguration;
			buildSettings = {
				CODE_SIGN_IDENTITY = "-";
				COMBINE_HIDPI_IMAGES = YES;
				DEFINES_MODULE = YES;
				ENABLE_HARDENED_RUNTIME = YES;
				FRAMEWORK_SEARCH_PATHS = (
					"$(BUILT_PRODUCTS_DIR)",
					"$(inherited)",
				);
				GENERATE_INFOPLIST_FILE = NO;
				INFOPLIST_FILE = Resources/Info.plist;
				INSTALL_PATH = "$(LOCAL_LIBRARY_DIR)/Bundles";
				LD_RUNPATH_SEARCH_PATHS = "@loader_path/../../../../Frameworks";
				MACH_O_TYPE = mh_bundle;
				MACOSX_DEPLOYMENT_TARGET = 14.0;
				OTHER_LDFLAGS = (
					"-framework",
					CapsuleKit,
				);
				PRODUCT_BUNDLE_IDENTIFIER = moe.siki.Capsule.extensions.webcam;
				PRODUCT_NAME = WebcamExtension;
				SDKROOT = macosx;
				SKIP_INSTALL = NO;
				SWIFT_VERSION = 5.0;
				WRAPPER_EXTENSION = capsule;
			};
			name = Debug;
		};
		771072B09BC9AE2BA6A6B0F4 /* Release */ = {
			isa = XCBuildConfiguration;
			buildSettings = {
				CODE_SIGN_IDENTITY = "-";
				COMBINE_HIDPI_IMAGES = YES;
				DEFINES_MODULE = YES;
				ENABLE_HARDENED_RUNTIME = YES;
				FRAMEWORK_SEARCH_PATHS = (
					"$(BUILT_PRODUCTS_DIR)",
					"$(inherited)",
				);
				GENERATE_INFOPLIST_FILE = NO;
				INFOPLIST_FILE = Resources/Info.plist;
				INSTALL_PATH = "$(LOCAL_LIBRARY_DIR)/Bundles";
				LD_RUNPATH_SEARCH_PATHS = "@loader_path/../../../../Frameworks";
				MACH_O_TYPE = mh_bundle;
				MACOSX_DEPLOYMENT_TARGET = 14.0;
				OTHER_LDFLAGS = (
					"-framework",
					CapsuleKit,
				);
				PRODUCT_BUNDLE_IDENTIFIER = moe.siki.Capsule.extensions.webcam;
				PRODUCT_NAME = WebcamExtension;
				SDKROOT = macosx;
				SKIP_INSTALL = NO;
				SWIFT_VERSION = 5.0;
				WRAPPER_EXTENSION = capsule;
			};
			name = Release;
		};
		9CB483CC2E91552ACC46B84E /* Debug */ = {
			isa = XCBuildConfiguration;
			buildSettings = {
				ALWAYS_SEARCH_USER_PATHS = NO;
				CLANG_ANALYZER_NONNULL = YES;
				CLANG_ANALYZER_NUMBER_OBJECT_CONVERSION = YES_AGGRESSIVE;
				CLANG_CXX_LANGUAGE_STANDARD = "gnu++14";
				CLANG_CXX_LIBRARY = "libc++";
				CLANG_ENABLE_MODULES = YES;
				CLANG_ENABLE_OBJC_ARC = YES;
				CLANG_ENABLE_OBJC_WEAK = YES;
				CLANG_WARN_BLOCK_CAPTURE_AUTORELEASING = YES;
				CLANG_WARN_BOOL_CONVERSION = YES;
				CLANG_WARN_COMMA = YES;
				CLANG_WARN_CONSTANT_CONVERSION = YES;
				CLANG_WARN_DEPRECATED_OBJC_IMPLEMENTATIONS = YES;
				CLANG_WARN_DIRECT_OBJC_ISA_USAGE = YES_ERROR;
				CLANG_WARN_DOCUMENTATION_COMMENTS = YES;
				CLANG_WARN_EMPTY_BODY = YES;
				CLANG_WARN_ENUM_CONVERSION = YES;
				CLANG_WARN_INFINITE_RECURSION = YES;
				CLANG_WARN_INT_CONVERSION = YES;
				CLANG_WARN_NON_LITERAL_NULL_CONVERSION = YES;
				CLANG_WARN_OBJC_IMPLICIT_RETAIN_SELF = YES;
				CLANG_WARN_OBJC_LITERAL_CONVERSION = YES;
				CLANG_WARN_OBJC_ROOT_CLASS = YES_ERROR;
				CLANG_WARN_QUOTED_INCLUDE_IN_FRAMEWORK_HEADER = YES;
				CLANG_WARN_RANGE_LOOP_ANALYSIS = YES;
				CLANG_WARN_STRICT_PROTOTYPES = YES;
				CLANG_WARN_SUSPICIOUS_MOVE = YES;
				CLANG_WARN_UNGUARDED_AVAILABILITY = YES_AGGRESSIVE;
				CLANG_WARN_UNREACHABLE_CODE = YES;
				CLANG_WARN__DUPLICATE_METHOD_MATCH = YES;
				COPY_PHASE_STRIP = NO;
				DEBUG_INFORMATION_FORMAT = dwarf;
				ENABLE_STRICT_OBJC_MSGSEND = YES;
				ENABLE_TESTABILITY = YES;
				GCC_C_LANGUAGE_STANDARD = gnu11;
				GCC_DYNAMIC_NO_PIC = NO;
				GCC_NO_COMMON_BLOCKS = YES;
				GCC_OPTIMIZATION_LEVEL = 0;
				GCC_PREPROCESSOR_DEFINITIONS = (
					"DEBUG=1",
					"$(inherited)",
				);
				GCC_WARN_64_TO_32_BIT_CONVERSION = YES;
				GCC_WARN_ABOUT_RETURN_TYPE = YES_ERROR;
				GCC_WARN_UNDECLARED_SELECTOR = YES;
				GCC_WARN_UNINITIALIZED_AUTOS = YES_AGGRESSIVE;
				GCC_WARN_UNUSED_FUNCTION = YES;
				GCC_WARN_UNUSED_VARIABLE = YES;
				MTL_ENABLE_DEBUG_INFO = INCLUDE_SOURCE;
				MTL_FAST_MATH = YES;
				ONLY_ACTIVE_ARCH = YES;
				PRODUCT_NAME = "$(TARGET_NAME)";
				SWIFT_ACTIVE_COMPILATION_CONDITIONS = DEBUG;
				SWIFT_OPTIMIZATION_LEVEL = "-Onone";
				SWIFT_VERSION = 5.0;
			};
			name = Debug;
		};
/* End XCBuildConfiguration section */

/* Begin XCConfigurationList section */
		42EB454D4E80E9670A84EEA8 /* Build configuration list for PBXNativeTarget "WebcamExtension" */ = {
			isa = XCConfigurationList;
			buildConfigurations = (
				771072B09BC9AE2BA6A6B0F4 /* Release */,
				705D3FD01BCD76A91017AFE7 /* Debug */,
			);
			defaultConfigurationIsVisible = 0;
			defaultConfigurationName = Release;
		};
		9880A070C9C1A9E4BCDAC02E /* Build configuration list for PBXProject "WebcamExtension" */ = {
			isa = XCConfigurationList;
			buildConfigurations = (
				9CB483CC2E91552ACC46B84E /* Debug */,
				537C9250B27D5EAD24E3BB6E /* Release */,
			);
			defaultConfigurationIsVisible = 0;
			defaultConfigurationName = Release;
		};
/* End XCConfigurationList section */
	};
	rootObject = 1A83CC35FA195F81E659FBAA /* Project object */;
}
